
Microsoft Visual Studio Solution File, Format Version 12.00
# Visual Studio Version 17
VisualStudioVersion = 17.0.31903.59
MinimumVisualStudioVersion = 10.0.40219.1
Project("{FAE04EC0-301F-11D3-BF4B-00C04F79EFBC}") = "TheSocialSite.Api", "TheSocialSite.Api\TheSocialSite.Api.csproj", "{4B35E383-C0BC-4DC9-BC8A-39A89C15A076}"
EndProject
Project("{FAE04EC0-301F-11D3-BF4B-00C04F79EFBC}") = "TheSocialSite.Business", "TheSocialSite.Business\TheSocialSite.Business.csproj", "{90C1765C-2D00-474B-8218-D9B8CE9D1BB6}"
EndProject
Project("{FAE04EC0-301F-11D3-BF4B-00C04F79EFBC}") = "TheSocialSite.DataAccess", "TheSocialSite.DataAccess\TheSocialSite.DataAccess.csproj", "{8DC0989F-8D9E-49AC-A9B2-C592BA1B665A}"
EndProject
Project("{FAE04EC0-301F-11D3-BF4B-00C04F79EFBC}") = "TheSocialSite.Domain", "TheSocialSite.Domain\TheSocialSite.Domain.csproj", "{3794AC3B-14D7-4AEB-AFB2-3D1446D25A5F}"
EndProject
Global
	GlobalSection(SolutionConfigurationPlatforms) = preSolution
		Debug|Any CPU = Debug|Any CPU
		Release|Any CPU = Release|Any CPU
	EndGlobalSection
	GlobalSection(SolutionProperties) = preSolution
		HideSolutionNode = FALSE
	EndGlobalSection
	GlobalSection(ProjectConfigurationPlatforms) = postSolution
		{4B35E383-C0BC-4DC9-BC8A-39A89C15A076}.Debug|Any CPU.ActiveCfg = Debug|Any CPU
		{4B35E383-C0BC-4DC9-BC8A-39A89C15A076}.Debug|Any CPU.Build.0 = Debug|Any CPU
		{4B35E383-C0BC-4DC9-BC8A-39A89C15A076}.Release|Any CPU.ActiveCfg = Release|Any CPU
		{4B35E383-C0BC-4DC9-BC8A-39A89C15A076}.Release|Any CPU.Build.0 = Release|Any CPU
		{90C1765C-2D00-474B-8218-D9B8CE9D1BB6}.Debug|Any CPU.ActiveCfg = Debug|Any CPU
		{90C1765C-2D00-474B-8218-D9B8CE9D1BB6}.Debug|Any CPU.Build.0 = Debug|Any CPU
		{90C1765C-2D00-474B-8218-D9B8CE9D1BB6}.Release|Any CPU.ActiveCfg = Release|Any CPU
		{90C1765C-2D00-474B-8218-D9B8CE9D1BB6}.Release|Any CPU.Build.0 = Release|Any CPU
		{8DC0989F-8D9E-49AC-A9B2-C592BA1B665A}.Debug|Any CPU.ActiveCfg = Debug|Any CPU
		{8DC0989F-8D9E-49AC-A9B2-C592BA1B665A}.Debug|Any CPU.Build.0 = Debug|Any CPU
		{8DC0989F-8D9E-49AC-A9B2-C592BA1B665A}.Release|Any CPU.ActiveCfg = Release|Any CPU
		{8DC0989F-8D9E-49AC-A9B2-C592BA1B665A}.Release|Any CPU.Build.0 = Release|Any CPU
		{3794AC3B-14D7-4AEB-AFB2-3D1446D25A5F}.Debug|Any CPU.ActiveCfg = Debug|Any CPU
		{3794AC3B-14D7-4AEB-AFB2-3D1446D25A5F}.Debug|Any CPU.Build.0 = Debug|Any CPU
		{3794AC3B-14D7-4AEB-AFB2-3D1446D25A5F}.Release|Any CPU.ActiveCfg = Release|Any CPU
		{3794AC3B-14D7-4AEB-AFB2-3D1446D25A5F}.Release|Any CPU.Build.0 = Release|Any CPU
	EndGlobalSection
EndGlobal
